// !$*UTF8*$!
{
	archiveVersion = 1;
	classes = {
	};
	objectVersion = 46;
	objects = {

/* Begin PBXBuildFile section */
		24DC364F1BF95FE8003CFDAE /* AppDelegate.swift in Sources */ = {isa = PBXBuildFile; fileRef = 24DC364E1BF95FE8003CFDAE /* AppDelegate.swift */; };
		24DC36511BF95FE8003CFDAE /* MasterViewController.swift in Sources */ = {isa = PBXBuildFile; fileRef = 24DC36501BF95FE8003CFDAE /* MasterViewController.swift */; };
		24DC36531BF95FE8003CFDAE /* DetailViewController.swift in Sources */ = {isa = PBXBuildFile; fileRef = 24DC36521BF95FE8003CFDAE /* DetailViewController.swift */; };
		24DC36561BF95FE8003CFDAE /* Main.storyboard in Resources */ = {isa = PBXBuildFile; fileRef = 24DC36541BF95FE8003CFDAE /* Main.storyboard */; };
		24DC36581BF95FE8003CFDAE /* Assets.xcassets in Resources */ = {isa = PBXBuildFile; fileRef = 24DC36571BF95FE8003CFDAE /* Assets.xcassets */; };
		24DC365B1BF95FE8003CFDAE /* LaunchScreen.storyboard in Resources */ = {isa = PBXBuildFile; fileRef = 24DC36591BF95FE8003CFDAE /* LaunchScreen.storyboard */; };
		24DC366D1BF964A9003CFDAE /* 50254030_00101_0667_Medium.jpg in Resources */ = {isa = PBXBuildFile; fileRef = 24DC36631BF964A9003CFDAE /* 50254030_00101_0667_Medium.jpg */; };
		24DC366E1BF964A9003CFDAE /* 50254030_00201_0710_Medium.jpg in Resources */ = {isa = PBXBuildFile; fileRef = 24DC36641BF964A9003CFDAE /* 50254030_00201_0710_Medium.jpg */; };
		24DC366F1BF964A9003CFDAE /* 50254030_00301_0671_Medium.jpg in Resources */ = {isa = PBXBuildFile; fileRef = 24DC36651BF964A9003CFDAE /* 50254030_00301_0671_Medium.jpg */; };
		24DC36701BF964A9003CFDAE /* 50254030_00701_0039_Medium.jpg in Resources */ = {isa = PBXBuildFile; fileRef = 24DC36661BF964A9003CFDAE /* 50254030_00701_0039_Medium.jpg */; };
		24DC36711BF964A9003CFDAE /* 50254030_00701_0043_Medium.jpg in Resources */ = {isa = PBXBuildFile; fileRef = 24DC36671BF964A9003CFDAE /* 50254030_00701_0043_Medium.jpg */; };
		24DC36721BF964A9003CFDAE /* 50254030_00701_0246_Medium.jpg in Resources */ = {isa = PBXBuildFile; fileRef = 24DC36681BF964A9003CFDAE /* 50254030_00701_0246_Medium.jpg */; };
		24DC36731BF964A9003CFDAE /* 50254030_00701_0256_Medium.jpg in Resources */ = {isa = PBXBuildFile; fileRef = 24DC36691BF964A9003CFDAE /* 50254030_00701_0256_Medium.jpg */; };
		24DC36741BF964A9003CFDAE /* 50254030_00701_0260_Medium.jpg in Resources */ = {isa = PBXBuildFile; fileRef = 24DC366A1BF964A9003CFDAE /* 50254030_00701_0260_Medium.jpg */; };
		24DC36751BF964A9003CFDAE /* 50254030_01101_0027_Medium.jpg in Resources */ = {isa = PBXBuildFile; fileRef = 24DC366B1BF964A9003CFDAE /* 50254030_01101_0027_Medium.jpg */; };
		24DC36761BF964A9003CFDAE /* 50254030_85201_0710_Medium.jpg in Resources */ = {isa = PBXBuildFile; fileRef = 24DC366C1BF964A9003CFDAE /* 50254030_85201_0710_Medium.jpg */; };
/* End PBXBuildFile section */

/* Begin PBXFileReference section */
		24DC364B1BF95FE8003CFDAE /* Project 1.app */ = {isa = PBXFileReference; explicitFileType = wrapper.application; includeInIndex = 0; path = "Project 1.app"; sourceTree = BUILT_PRODUCTS_DIR; };
		24DC364E1BF95FE8003CFDAE /* AppDelegate.swift */ = {isa = PBXFileReference; lastKnownFileType = sourcecode.swift; path = AppDelegate.swift; sourceTree = "<group>"; };
		24DC36501BF95FE8003CFDAE /* MasterViewController.swift */ = {isa = PBXFileReference; lastKnownFileType = sourcecode.swift; path = MasterViewController.swift; sourceTree = "<group>"; };
		24DC36521BF95FE8003CFDAE /* DetailViewController.swift */ = {isa = PBXFileReference; lastKnownFileType = sourcecode.swift; path = DetailViewController.swift; sourceTree = "<group>"; };
		24DC36551BF95FE8003CFDAE /* Base */ = {isa = PBXFileReference; lastKnownFileType = file.storyboard; name = Base; path = Base.lproj/Main.storyboard; sourceTree = "<group>"; };
		24DC36571BF95FE8003CFDAE /* Assets.xcassets */ = {isa = PBXFileReference; lastKnownFileType = folder.assetcatalog; path = Assets.xcassets; sourceTree = "<group>"; };
		24DC365A1BF95FE8003CFDAE /* Base */ = {isa = PBXFileReference; lastKnownFileType = file.storyboard; name = Base; path = Base.lproj/LaunchScreen.storyboard; sourceTree = "<group>"; };
		24DC365C1BF95FE8003CFDAE /* Info.plist */ = {isa = PBXFileReference; lastKnownFileType = text.plist.xml; path = Info.plist; sourceTree = "<group>"; };
		24DC36631BF964A9003CFDAE /* 50254030_00101_0667_Medium.jpg */ = {isa = PBXFileReference; lastKnownFileType = image.jpeg; path = 50254030_00101_0667_Medium.jpg; sourceTree = "<group>"; };
		24DC36641BF964A9003CFDAE /* 50254030_00201_0710_Medium.jpg */ = {isa = PBXFileReference; lastKnownFileType = image.jpeg; path = 50254030_00201_0710_Medium.jpg; sourceTree = "<group>"; };
		24DC36651BF964A9003CFDAE /* 50254030_00301_0671_Medium.jpg */ = {isa = PBXFileReference; lastKnownFileType = image.jpeg; path = 50254030_00301_0671_Medium.jpg; sourceTree = "<group>"; };
		24DC36661BF964A9003CFDAE /* 50254030_00701_0039_Medium.jpg */ = {isa = PBXFileReference; lastKnownFileType = image.jpeg; path = 50254030_00701_0039_Medium.jpg; sourceTree = "<group>"; };
		24DC36671BF964A9003CFDAE /* 50254030_00701_0043_Medium.jpg */ = {isa = PBXFileReference; lastKnownFileType = image.jpeg; path = 50254030_00701_0043_Medium.jpg; sourceTree = "<group>"; };
		24DC36681BF964A9003CFDAE /* 50254030_00701_0246_Medium.jpg */ = {isa = PBXFileReference; lastKnownFileType = image.jpeg; path = 50254030_00701_0246_Medium.jpg; sourceTree = "<group>"; };
		24DC36691BF964A9003CFDAE /* 50254030_00701_0256_Medium.jpg */ = {isa = PBXFileReference; lastKnownFileType = image.jpeg; path = 50254030_00701_0256_Medium.jpg; sourceTree = "<group>"; };
		24DC366A1BF964A9003CFDAE /* 50254030_00701_0260_Medium.jpg */ = {isa = PBXFileReference; lastKnownFileType = image.jpeg; path = 50254030_00701_0260_Medium.jpg; sourceTree = "<group>"; };
		24DC366B1BF964A9003CFDAE /* 50254030_01101_0027_Medium.jpg */ = {isa = PBXFileReference; lastKnownFileType = image.jpeg; path = 50254030_01101_0027_Medium.jpg; sourceTree = "<group>"; };
		24DC366C1BF964A9003CFDAE /* 50254030_85201_0710_Medium.jpg */ = {isa = PBXFileReference; lastKnownFileType = image.jpeg; path = 50254030_85201_0710_Medium.jpg; sourceTree = "<group>"; };
/* End PBXFileReference section */

/* Begin PBXFrameworksBuildPhase section */
		24DC36481BF95FE8003CFDAE /* Frameworks */ = {
			isa = PBXFrameworksBuildPhase;
			buildActionMask = 2147483647;
			files = (
			);
			runOnlyForDeploymentPostprocessing = 0;
		};
/* End PBXFrameworksBuildPhase section */

/* Begin PBXGroup section */
		24DC36421BF95FE8003CFDAE = {
			isa = PBXGroup;
			children = (
				24DC364D1BF95FE8003CFDAE /* Project 1 */,
				24DC364C1BF95FE8003CFDAE /* Products */,
			);
			sourceTree = "<group>";
		};
		24DC364C1BF95FE8003CFDAE /* Products */ = {
			isa = PBXGroup;
			children = (
				24DC364B1BF95FE8003CFDAE /* Project 1.app */,
			);
			name = Products;
			sourceTree = "<group>";
		};
		24DC364D1BF95FE8003CFDAE /* Project 1 */ = {
			isa = PBXGroup;
			children = (
				24DC364E1BF95FE8003CFDAE /* AppDelegate.swift */,
				24DC36501BF95FE8003CFDAE /* MasterViewController.swift */,
				24DC36521BF95FE8003CFDAE /* DetailViewController.swift */,
				24DC36541BF95FE8003CFDAE /* Main.storyboard */,
				24DC36571BF95FE8003CFDAE /* Assets.xcassets */,
				24DC36591BF95FE8003CFDAE /* LaunchScreen.storyboard */,
				24DC365C1BF95FE8003CFDAE /* Info.plist */,
				24DC36621BF964A9003CFDAE /* Content */,
			);
			path = "Project 1";
			sourceTree = "<group>";
		};
		24DC36621BF964A9003CFDAE /* Content */ = {
			isa = PBXGroup;
			children = (
				24DC36631BF964A9003CFDAE /* 50254030_00101_0667_Medium.jpg */,
				24DC36641BF964A9003CFDAE /* 50254030_00201_0710_Medium.jpg */,
				24DC36651BF964A9003CFDAE /* 50254030_00301_0671_Medium.jpg */,
				24DC36661BF964A9003CFDAE /* 50254030_00701_0039_Medium.jpg */,
				24DC36671BF964A9003CFDAE /* 50254030_00701_0043_Medium.jpg */,
				24DC36681BF964A9003CFDAE /* 50254030_00701_0246_Medium.jpg */,
				24DC36691BF964A9003CFDAE /* 50254030_00701_0256_Medium.jpg */,
				24DC366A1BF964A9003CFDAE /* 50254030_00701_0260_Medium.jpg */,
				24DC366B1BF964A9003CFDAE /* 50254030_01101_0027_Medium.jpg */,
				24DC366C1BF964A9003CFDAE /* 50254030_85201_0710_Medium.jpg */,
			);
			path = Content;
			sourceTree = "<group>";
		};
/* End PBXGroup section */

/* Begin PBXNativeTarget section */
		24DC364A1BF95FE8003CFDAE /* Project 1 */ = {
			isa = PBXNativeTarget;
			buildConfigurationList = 24DC365F1BF95FE8003CFDAE /* Build configuration list for PBXNativeTarget "Project 1" */;
			buildPhases = (
				24DC36471BF95FE8003CFDAE /* Sources */,
				24DC36481BF95FE8003CFDAE /* Frameworks */,
				24DC36491BF95FE8003CFDAE /* Resources */,
			);
			buildRules = (
			);
			dependencies = (
			);
			name = "Project 1";
			productName = "Project 1";
			productReference = 24DC364B1BF95FE8003CFDAE /* Project 1.app */;
			productType = "com.apple.product-type.application";
		};
/* End PBXNativeTarget section */

/* Begin PBXProject section */
		24DC36431BF95FE8003CFDAE /* Project object */ = {
			isa = PBXProject;
			attributes = {
				LastSwiftUpdateCheck = 0710;
				LastUpgradeCheck = 0710;
				ORGANIZATIONNAME = "Aishwarya Sivaraman";
				TargetAttributes = {
					24DC364A1BF95FE8003CFDAE = {
						CreatedOnToolsVersion = 7.1.1;
					};
				};
			};
			buildConfigurationList = 24DC36461BF95FE8003CFDAE /* Build configuration list for PBXProject "Project 1" */;
			compatibilityVersion = "Xcode 3.2";
			developmentRegion = English;
			hasScannedForEncodings = 0;
			knownRegions = (
				en,
				Base,
			);
			mainGroup = 24DC36421BF95FE8003CFDAE;
			productRefGroup = 24DC364C1BF95FE8003CFDAE /* Products */;
			projectDirPath = "";
			projectRoot = "";
			targets = (
				24DC364A1BF95FE8003CFDAE /* Project 1 */,
			);
		};
/* End PBXProject section */

/* Begin PBXResourcesBuildPhase section */
		24DC36491BF95FE8003CFDAE /* Resources */ = {
			isa = PBXResourcesBuildPhase;
			buildActionMask = 2147483647;
			files = (
				24DC365B1BF95FE8003CFDAE /* LaunchScreen.storyboard in Resources */,
				24DC36581BF95FE8003CFDAE /* Assets.xcassets in Resources */,
				24DC36741BF964A9003CFDAE /* 50254030_00701_0260_Medium.jpg in Resources */,
				24DC366F1BF964A9003CFDAE /* 50254030_00301_0671_Medium.jpg in Resources */,
				24DC36561BF95FE8003CFDAE /* Main.storyboard in Resources */,
				24DC366D1BF964A9003CFDAE /* 50254030_00101_0667_Medium.jpg in Resources */,
				24DC36751BF964A9003CFDAE /* 50254030_01101_0027_Medium.jpg in Resources */,
				24DC36761BF964A9003CFDAE /* 50254030_85201_0710_Medium.jpg in Resources */,
				24DC36711BF964A9003CFDAE /* 50254030_00701_0043_Medium.jpg in Resources */,
				24DC36721BF964A9003CFDAE /* 50254030_00701_0246_Medium.jpg in Resources */,
				24DC36701BF964A9003CFDAE /* 50254030_00701_0039_Medium.jpg in Resources */,
				24DC366E1BF964A9003CFDAE /* 50254030_00201_0710_Medium.jpg in Resources */,
				24DC36731BF964A9003CFDAE /* 50254030_00701_0256_Medium.jpg in Resources */,
			);
			runOnlyForDeploymentPostprocessing = 0;
		};
/* End PBXResourcesBuildPhase section */

/* Begin PBXSourcesBuildPhase section */
		24DC36471BF95FE8003CFDAE /* Sources */ = {
			isa = PBXSourcesBuildPhase;
			buildActionMask = 2147483647;
			files = (
				24DC36531BF95FE8003CFDAE /* DetailViewController.swift in Sources */,
				24DC36511BF95FE8003CFDAE /* MasterViewController.swift in Sources */,
				24DC364F1BF95FE8003CFDAE /* AppDelegate.swift in Sources */,
			);
			runOnlyForDeploymentPostprocessing = 0;
		};
/* End PBXSourcesBuildPhase section */

/* Begin PBXVariantGroup section */
		24DC36541BF95FE8003CFDAE /* Main.storyboard */ = {
			isa = PBXVariantGroup;
			children = (
				24DC36551BF95FE8003CFDAE /* Base */,
			);
			name = Main.storyboard;
			sourceTree = "<group>";
		};
		24DC36591BF95FE8003CFDAE /* LaunchScreen.storyboard */ = {
			isa = PBXVariantGroup;
			children = (
				24DC365A1BF95FE8003CFDAE /* Base */,
			);
			name = LaunchScreen.storyboard;
			sourceTree = "<group>";
		};
/* End PBXVariantGroup section */

/* Begin XCBuildConfiguration section */
		24DC365D1BF95FE8003CFDAE /* Debug */ = {
			isa = XCBuildConfiguration;
			buildSettings = {
				ALWAYS_SEARCH_USER_PATHS = NO;
				CLANG_CXX_LANGUAGE_STANDARD = "gnu++0x";
				CLANG_CXX_LIBRARY = "libc++";
				CLANG_ENABLE_MODULES = YES;
				CLANG_ENABLE_OBJC_ARC = YES;
				CLANG_WARN_BOOL_CONVERSION = YES;
				CLANG_WARN_CONSTANT_CONVERSION = YES;
				CLANG_WARN_DIRECT_OBJC_ISA_USAGE = YES_ERROR;
				CLANG_WARN_EMPTY_BODY = YES;
				CLANG_WARN_ENUM_CONVERSION = YES;
				CLANG_WARN_INT_CONVERSION = YES;
				CLANG_WARN_OBJC_ROOT_CLASS = YES_ERROR;
				CLANG_WARN_UNREACHABLE_CODE = YES;
				CLANG_WARN__DUPLICATE_METHOD_MATCH = YES;
				"CODE_SIGN_IDENTITY[sdk=iphoneos*]" = "iPhone Developer";
				COPY_PHASE_STRIP = NO;
				DEBUG_INFORMATION_FORMAT = dwarf;
				ENABLE_STRICT_OBJC_MSGSEND = YES;
				ENABLE_TESTABILITY = YES;
				GCC_C_LANGUAGE_STANDARD = gnu99;
				GCC_DYNAMIC_NO_PIC = NO;
				GCC_NO_COMMON_BLOCKS = YES;
				GCC_OPTIMIZATION_LEVEL = 0;
				GCC_PREPROCESSOR_DEFINITIONS = (
					"DEBUG=1",
					"$(inherited)",
				);
				GCC_WARN_64_TO_32_BIT_CONVERSION = YES;
				GCC_WARN_ABOUT_RETURN_TYPE = YES_ERROR;
				GCC_WARN_UNDECLARED_SELECTOR = YES;
				GCC_WARN_UNINITIALIZED_AUTOS = YES_AGGRESSIVE;
				GCC_WARN_UNUSED_FUNCTION = YES;
				GCC_WARN_UNUSED_VARIABLE = YES;
				IPHONEOS_DEPLOYMENT_TARGET = 9.1;
				MTL_ENABLE_DEBUG_INFO = YES;
				ONLY_ACTIVE_ARCH = YES;
				SDKROOT = iphoneos;
				SWIFT_OPTIMIZATION_LEVEL = "-Onone";
			};
			name = Debug;
		};
		24DC365E1BF95FE8003CFDAE /* Release */ = {
			isa = XCBuildConfiguration;
			buildSettings = {
				ALWAYS_SEARCH_USER_PATHS = NO;
				CLANG_CXX_LANGUAGE_STANDARD = "gnu++0x";
				CLANG_CXX_LIBRARY = "libc++";
				CLANG_ENABLE_MODULES = YES;
				CLANG_ENABLE_OBJC_ARC = YES;
				CLANG_WARN_BOOL_CONVERSION = YES;
				CLANG_WARN_CONSTANT_CONVERSION = YES;
				CLANG_WARN_DIRECT_OBJC_ISA_USAGE = YES_ERROR;
				CLANG_WARN_EMPTY_BODY = YES;
				CLANG_WARN_ENUM_CONVERSION = YES;
				CLANG_WARN_INT_CONVERSION = YES;
				CLANG_WARN_OBJC_ROOT_CLASS = YES_ERROR;
				CLANG_WARN_UNREACHABLE_CODE = YES;
				CLANG_WARN__DUPLICATE_METHOD_MATCH = YES;
				"CODE_SIGN_IDENTITY[sdk=iphoneos*]" = "iPhone Developer";
				COPY_PHASE_STRIP = NO;
				DEBUG_INFORMATION_FORMAT = "dwarf-with-dsym";
				ENABLE_NS_ASSERTIONS = NO;
				ENABLE_STRICT_OBJC_MSGSEND = YES;
				GCC_C_LANGUAGE_STANDARD = gnu99;
				GCC_NO_COMMON_BLOCKS = YES;
				GCC_WARN_64_TO_32_BIT_CONVERSION = YES;
				GCC_WARN_ABOUT_RETURN_TYPE = YES_ERROR;
				GCC_WARN_UNDECLARED_SELECTOR = YES;
				GCC_WARN_UNINITIALIZED_AUTOS = YES_AGGRESSIVE;
				GCC_WARN_UNUSED_FUNCTION = YES;
				GCC_WARN_UNUSED_VARIABLE = YES;
				IPHONEOS_DEPLOYMENT_TARGET = 9.1;
				MTL_ENABLE_DEBUG_INFO = NO;
				SDKROOT = iphoneos;
				VALIDATE_PRODUCT = YES;
			};
			name = Release;
		};
		24DC36601BF95FE8003CFDAE /* Debug */ = {
			isa = XCBuildConfiguration;
			buildSettings = {
				ASSETCATALOG_COMPILER_APPICON_NAME = AppIcon;
				INFOPLIST_FILE = "Project 1/Info.plist";
				LD_RUNPATH_SEARCH_PATHS = "$(inherited) @executable_path/Frameworks";
				PRODUCT_BUNDLE_IDENTIFIER = "com.hackingwithswift.Project-1";
				PRODUCT_NAME = "$(TARGET_NAME)";
				TARGETED_DEVICE_FAMILY = 1;
			};
			name = Debug;
		};
		24DC36611BF95FE8003CFDAE /* Release */ = {
			isa = XCBuildConfiguration;
			buildSettings = {
				ASSETCATALOG_COMPILER_APPICON_NAME = AppIcon;
				INFOPLIST_FILE = "Project 1/Info.plist";
				LD_RUNPATH_SEARCH_PATHS = "$(inherited) @executable_path/Frameworks";
				PRODUCT_BUNDLE_IDENTIFIER = "com.hackingwithswift.Project-1";
				PRODUCT_NAME = "$(TARGET_NAME)";
				TARGETED_DEVICE_FAMILY = 1;
			};
			name = Release;
		};
/* End XCBuildConfiguration section */

/* Begin XCConfigurationList section */
		24DC36461BF95FE8003CFDAE /* Build configuration list for PBXProject "Project 1" */ = {
			isa = XCConfigurationList;
			buildConfigurations = (
				24DC365D1BF95FE8003CFDAE /* Debug */,
				24DC365E1BF95FE8003CFDAE /* Release */,
			);
			defaultConfigurationIsVisible = 0;
			defaultConfigurationName = Release;
		};
		24DC365F1BF95FE8003CFDAE /* Build configuration list for PBXNativeTarget "Project 1" */ = {
			isa = XCConfigurationList;
			buildConfigurations = (
				24DC36601BF95FE8003CFDAE /* Debug */,
				24DC36611BF95FE8003CFDAE /* Release */,
			);
			defaultConfigurationIsVisible = 0;
		};
/* End XCConfigurationList section */
	};
	rootObject = 24DC36431BF95FE8003CFDAE /* Project object */;
}
